
Microsoft Visual Studio Solution File, Format Version 12.00
# Visual Studio 15
VisualStudioVersion = 15.0.26206.0
MinimumVisualStudioVersion = 10.0.40219.1
Project("{FAE04EC0-301F-11D3-BF4B-00C04F79EFBC}") = "2014102905-CON", "2014102905-CON\2014102905-CON.csproj", "{ACAB196A-45C5-4750-8283-105108A45FB2}"
EndProject
Project("{FAE04EC0-301F-11D3-BF4B-00C04F79EFBC}") = "2014102905-ENT", "2014102905-ENT\2014102905-ENT.csproj", "{CA4E85EC-0F08-4871-ACF2-ECBA4C53AEFA}"
EndProject
Project("{FAE04EC0-301F-11D3-BF4B-00C04F79EFBC}") = "2014102905-PER", "2014102905-PER\2014102905-PER.csproj", "{A451CC31-54CB-4351-8342-43D2788A548F}"
EndProject
Global
	GlobalSection(SolutionConfigurationPlatforms) = preSolution
		Debug|Any CPU = Debug|Any CPU
		Release|Any CPU = Release|Any CPU
	EndGlobalSection
	GlobalSection(ProjectConfigurationPlatforms) = postSolution
		{ACAB196A-45C5-4750-8283-105108A45FB2}.Debug|Any CPU.ActiveCfg = Debug|Any CPU
		{ACAB196A-45C5-4750-8283-105108A45FB2}.Debug|Any CPU.Build.0 = Debug|Any CPU
		{ACAB196A-45C5-4750-8283-105108A45FB2}.Release|Any CPU.ActiveCfg = Release|Any CPU
		{ACAB196A-45C5-4750-8283-105108A45FB2}.Release|Any CPU.Build.0 = Release|Any CPU
		{CA4E85EC-0F08-4871-ACF2-ECBA4C53AEFA}.Debug|Any CPU.ActiveCfg = Debug|Any CPU
		{CA4E85EC-0F08-4871-ACF2-ECBA4C53AEFA}.Debug|Any CPU.Build.0 = Debug|Any CPU
		{CA4E85EC-0F08-4871-ACF2-ECBA4C53AEFA}.Release|Any CPU.ActiveCfg = Release|Any CPU
		{CA4E85EC-0F08-4871-ACF2-ECBA4C53AEFA}.Release|Any CPU.Build.0 = Release|Any CPU
		{A451CC31-54CB-4351-8342-43D2788A548F}.Debug|Any CPU.ActiveCfg = Debug|Any CPU
		{A451CC31-54CB-4351-8342-43D2788A548F}.Debug|Any CPU.Build.0 = Debug|Any CPU
		{A451CC31-54CB-4351-8342-43D2788A548F}.Release|Any CPU.ActiveCfg = Release|Any CPU
		{A451CC31-54CB-4351-8342-43D2788A548F}.Release|Any CPU.Build.0 = Release|Any CPU
	EndGlobalSection
	GlobalSection(SolutionProperties) = preSolution
		HideSolutionNode = FALSE
	EndGlobalSection
EndGlobal
